
Microsoft Visual Studio Solution File, Format Version 12.00
# Visual Studio Version 16
VisualStudioVersion = 16.0.31911.196
MinimumVisualStudioVersion = 10.0.40219.1
Project("{8BC9CEB8-8B4A-11D0-8D11-00A0C91BC942}") = "BOJ_6768", "BOJ_6768\BOJ_6768.vcxproj", "{59C0D415-2ABF-47D1-A1CD-9BF0F51C0843}"
EndProject
Global
	GlobalSection(SolutionConfigurationPlatforms) = preSolution
		Debug|x64 = Debug|x64
		Release|x64 = Release|x64
	EndGlobalSection
	GlobalSection(ProjectConfigurationPlatforms) = postSolution
		{59C0D415-2ABF-47D1-A1CD-9BF0F51C0843}.Debug|x64.ActiveCfg = Debug|x64
		{59C0D415-2ABF-47D1-A1CD-9BF0F51C0843}.Debug|x64.Build.0 = Debug|x64
		{59C0D415-2ABF-47D1-A1CD-9BF0F51C0843}.Release|x64.ActiveCfg = Release|x64
		{59C0D415-2ABF-47D1-A1CD-9BF0F51C0843}.Release|x64.Build.0 = Release|x64
	EndGlobalSection
	GlobalSection(SolutionProperties) = preSolution
		HideSolutionNode = FALSE
	EndGlobalSection
	GlobalSection(ExtensibilityGlobals) = postSolution
		SolutionGuid = {C4DDA518-866F-4070-B0C0-E32F21E04896}
	EndGlobalSection
EndGlobal
